// !$*UTF8*$!
{
	archiveVersion = 1;
	classes = {
	};
	objectVersion = 56;
	objects = {

/* Begin PBXBuildFile section */
		3702E0402958F9210054BD98 /* LoginVM.swift in Sources */ = {isa = PBXBuildFile; fileRef = 3702E03F2958F9210054BD98 /* LoginVM.swift */; };
		3753EAE928E9D138009B7CBE /* IRCSessionTests.swift in Sources */ = {isa = PBXBuildFile; fileRef = 3753EAE828E9D138009B7CBE /* IRCSessionTests.swift */; };
		375855B029DC64F900857124 /* IRCConnectionProtocol.swift in Sources */ = {isa = PBXBuildFile; fileRef = 375855AF29DC64F900857124 /* IRCConnectionProtocol.swift */; };
		375C0D3929846252006C229C /* Channel.swift in Sources */ = {isa = PBXBuildFile; fileRef = 375C0D3829846252006C229C /* Channel.swift */; };
		375C0D3D2984628A006C229C /* Message.swift in Sources */ = {isa = PBXBuildFile; fileRef = 375C0D3A2984628A006C229C /* Message.swift */; };
		375C0D3E2984628A006C229C /* MessageParser.swift in Sources */ = {isa = PBXBuildFile; fileRef = 375C0D3B2984628A006C229C /* MessageParser.swift */; };
		375C0D3F2984628A006C229C /* ServerMessage.swift in Sources */ = {isa = PBXBuildFile; fileRef = 375C0D3C2984628A006C229C /* ServerMessage.swift */; };
		375DB019297DBFED003EB77A /* Chat.swift in Sources */ = {isa = PBXBuildFile; fileRef = 375DB018297DBFED003EB77A /* Chat.swift */; };
		375DB01B297DC016003EB77A /* ChatVM.swift in Sources */ = {isa = PBXBuildFile; fileRef = 375DB01A297DC016003EB77A /* ChatVM.swift */; };
		375DB01D297DC1CB003EB77A /* ChatDetail.swift in Sources */ = {isa = PBXBuildFile; fileRef = 375DB01C297DC1CB003EB77A /* ChatDetail.swift */; };
		37A6547828E98E9B00647F7B /* IRCSession.swift in Sources */ = {isa = PBXBuildFile; fileRef = 37A6547728E98E9B00647F7B /* IRCSession.swift */; };
		37A6547A28E99BA500647F7B /* Response.swift in Sources */ = {isa = PBXBuildFile; fileRef = 37A6547928E99BA500647F7B /* Response.swift */; };
		37B0628028F9934400047B3A /* Login.swift in Sources */ = {isa = PBXBuildFile; fileRef = 37B0627F28F9934400047B3A /* Login.swift */; };
		37C5942A28E8CF0900C4E934 /* SweetIRCApp.swift in Sources */ = {isa = PBXBuildFile; fileRef = 37C5942928E8CF0900C4E934 /* SweetIRCApp.swift */; };
		37C5942C28E8CF0900C4E934 /* ContentView.swift in Sources */ = {isa = PBXBuildFile; fileRef = 37C5942B28E8CF0900C4E934 /* ContentView.swift */; };
		37C5942E28E8CF0A00C4E934 /* Assets.xcassets in Resources */ = {isa = PBXBuildFile; fileRef = 37C5942D28E8CF0A00C4E934 /* Assets.xcassets */; };
		37C5943128E8CF0A00C4E934 /* Preview Assets.xcassets in Resources */ = {isa = PBXBuildFile; fileRef = 37C5943028E8CF0A00C4E934 /* Preview Assets.xcassets */; };
		37C5943C28E8CF0A00C4E934 /* UserTest.swift in Sources */ = {isa = PBXBuildFile; fileRef = 37C5943B28E8CF0A00C4E934 /* UserTest.swift */; };
		37C5944628E8CF0A00C4E934 /* SweetIRCUITests.swift in Sources */ = {isa = PBXBuildFile; fileRef = 37C5944528E8CF0A00C4E934 /* SweetIRCUITests.swift */; };
		37C5944828E8CF0A00C4E934 /* SweetIRCUITestsLaunchTests.swift in Sources */ = {isa = PBXBuildFile; fileRef = 37C5944728E8CF0A00C4E934 /* SweetIRCUITestsLaunchTests.swift */; };
		37C5945628E8D01500C4E934 /* ServerInfo .swift in Sources */ = {isa = PBXBuildFile; fileRef = 37C5945528E8D01500C4E934 /* ServerInfo .swift */; };
		37C5945828E8D2EF00C4E934 /* UserInfo.swift in Sources */ = {isa = PBXBuildFile; fileRef = 37C5945728E8D2EF00C4E934 /* UserInfo.swift */; };
		37CA018329EF14E100B8C9DF /* RoomListViewModel.swift in Sources */ = {isa = PBXBuildFile; fileRef = 37CA018229EF14E100B8C9DF /* RoomListViewModel.swift */; };
		37F171922903DE4C00D06581 /* ParserTests.swift in Sources */ = {isa = PBXBuildFile; fileRef = 37F171912903DE4C00D06581 /* ParserTests.swift */; };
		37F17196290465CB00D06581 /* View+BlueButtonStyle.swift in Sources */ = {isa = PBXBuildFile; fileRef = 37F17195290465CB00D06581 /* View+BlueButtonStyle.swift */; };
		37FE5AE129BA670800FEAD97 /* RoomListView.swift in Sources */ = {isa = PBXBuildFile; fileRef = 37FE5AE029BA670800FEAD97 /* RoomListView.swift */; };
/* End PBXBuildFile section */

/* Begin PBXContainerItemProxy section */
		37C5943828E8CF0A00C4E934 /* PBXContainerItemProxy */ = {
			isa = PBXContainerItemProxy;
			containerPortal = 37C5941E28E8CF0900C4E934 /* Project object */;
			proxyType = 1;
			remoteGlobalIDString = 37C5942528E8CF0900C4E934;
			remoteInfo = SweetIRC;
		};
		37C5944228E8CF0A00C4E934 /* PBXContainerItemProxy */ = {
			isa = PBXContainerItemProxy;
			containerPortal = 37C5941E28E8CF0900C4E934 /* Project object */;
			proxyType = 1;
			remoteGlobalIDString = 37C5942528E8CF0900C4E934;
			remoteInfo = SweetIRC;
		};
/* End PBXContainerItemProxy section */

/* Begin PBXFileReference section */
		3702E03F2958F9210054BD98 /* LoginVM.swift */ = {isa = PBXFileReference; lastKnownFileType = sourcecode.swift; path = LoginVM.swift; sourceTree = "<group>"; };
		3753EAE828E9D138009B7CBE /* IRCSessionTests.swift */ = {isa = PBXFileReference; lastKnownFileType = sourcecode.swift; path = IRCSessionTests.swift; sourceTree = "<group>"; };
		375855AF29DC64F900857124 /* IRCConnectionProtocol.swift */ = {isa = PBXFileReference; lastKnownFileType = sourcecode.swift; path = IRCConnectionProtocol.swift; sourceTree = "<group>"; };
		375C0D3829846252006C229C /* Channel.swift */ = {isa = PBXFileReference; fileEncoding = 4; lastKnownFileType = sourcecode.swift; path = Channel.swift; sourceTree = "<group>"; };
		375C0D3A2984628A006C229C /* Message.swift */ = {isa = PBXFileReference; fileEncoding = 4; lastKnownFileType = sourcecode.swift; name = Message.swift; path = Message/Message.swift; sourceTree = "<group>"; };
		375C0D3B2984628A006C229C /* MessageParser.swift */ = {isa = PBXFileReference; fileEncoding = 4; lastKnownFileType = sourcecode.swift; name = MessageParser.swift; path = Message/MessageParser.swift; sourceTree = "<group>"; };
		375C0D3C2984628A006C229C /* ServerMessage.swift */ = {isa = PBXFileReference; fileEncoding = 4; lastKnownFileType = sourcecode.swift; name = ServerMessage.swift; path = Message/ServerMessage.swift; sourceTree = "<group>"; };
		375DB018297DBFED003EB77A /* Chat.swift */ = {isa = PBXFileReference; lastKnownFileType = sourcecode.swift; path = Chat.swift; sourceTree = "<group>"; };
		375DB01A297DC016003EB77A /* ChatVM.swift */ = {isa = PBXFileReference; lastKnownFileType = sourcecode.swift; path = ChatVM.swift; sourceTree = "<group>"; };
		375DB01C297DC1CB003EB77A /* ChatDetail.swift */ = {isa = PBXFileReference; lastKnownFileType = sourcecode.swift; path = ChatDetail.swift; sourceTree = "<group>"; };
		37A6547728E98E9B00647F7B /* IRCSession.swift */ = {isa = PBXFileReference; lastKnownFileType = sourcecode.swift; path = IRCSession.swift; sourceTree = "<group>"; };
		37A6547928E99BA500647F7B /* Response.swift */ = {isa = PBXFileReference; lastKnownFileType = sourcecode.swift; path = Response.swift; sourceTree = "<group>"; };
		37B0627F28F9934400047B3A /* Login.swift */ = {isa = PBXFileReference; lastKnownFileType = sourcecode.swift; path = Login.swift; sourceTree = "<group>"; };
		37C5942628E8CF0900C4E934 /* SweetIRC.app */ = {isa = PBXFileReference; explicitFileType = wrapper.application; includeInIndex = 0; path = SweetIRC.app; sourceTree = BUILT_PRODUCTS_DIR; };
		37C5942928E8CF0900C4E934 /* SweetIRCApp.swift */ = {isa = PBXFileReference; lastKnownFileType = sourcecode.swift; path = SweetIRCApp.swift; sourceTree = "<group>"; };
		37C5942B28E8CF0900C4E934 /* ContentView.swift */ = {isa = PBXFileReference; lastKnownFileType = sourcecode.swift; path = ContentView.swift; sourceTree = "<group>"; };
		37C5942D28E8CF0A00C4E934 /* Assets.xcassets */ = {isa = PBXFileReference; lastKnownFileType = folder.assetcatalog; path = Assets.xcassets; sourceTree = "<group>"; };
		37C5943028E8CF0A00C4E934 /* Preview Assets.xcassets */ = {isa = PBXFileReference; lastKnownFileType = folder.assetcatalog; path = "Preview Assets.xcassets"; sourceTree = "<group>"; };
		37C5943228E8CF0A00C4E934 /* SweetIRC.entitlements */ = {isa = PBXFileReference; lastKnownFileType = text.plist.entitlements; path = SweetIRC.entitlements; sourceTree = "<group>"; };
		37C5943728E8CF0A00C4E934 /* SweetIRCTests.xctest */ = {isa = PBXFileReference; explicitFileType = wrapper.cfbundle; includeInIndex = 0; path = SweetIRCTests.xctest; sourceTree = BUILT_PRODUCTS_DIR; };
		37C5943B28E8CF0A00C4E934 /* UserTest.swift */ = {isa = PBXFileReference; lastKnownFileType = sourcecode.swift; path = UserTest.swift; sourceTree = "<group>"; };
		37C5944128E8CF0A00C4E934 /* SweetIRCUITests.xctest */ = {isa = PBXFileReference; explicitFileType = wrapper.cfbundle; includeInIndex = 0; path = SweetIRCUITests.xctest; sourceTree = BUILT_PRODUCTS_DIR; };
		37C5944528E8CF0A00C4E934 /* SweetIRCUITests.swift */ = {isa = PBXFileReference; lastKnownFileType = sourcecode.swift; path = SweetIRCUITests.swift; sourceTree = "<group>"; };
		37C5944728E8CF0A00C4E934 /* SweetIRCUITestsLaunchTests.swift */ = {isa = PBXFileReference; lastKnownFileType = sourcecode.swift; path = SweetIRCUITestsLaunchTests.swift; sourceTree = "<group>"; };
		37C5945528E8D01500C4E934 /* ServerInfo .swift */ = {isa = PBXFileReference; lastKnownFileType = sourcecode.swift; path = "ServerInfo .swift"; sourceTree = "<group>"; };
		37C5945728E8D2EF00C4E934 /* UserInfo.swift */ = {isa = PBXFileReference; lastKnownFileType = sourcecode.swift; path = UserInfo.swift; sourceTree = "<group>"; };
		37CA018229EF14E100B8C9DF /* RoomListViewModel.swift */ = {isa = PBXFileReference; lastKnownFileType = sourcecode.swift; path = RoomListViewModel.swift; sourceTree = "<group>"; };
		37F171912903DE4C00D06581 /* ParserTests.swift */ = {isa = PBXFileReference; lastKnownFileType = sourcecode.swift; path = ParserTests.swift; sourceTree = "<group>"; };
		37F17195290465CB00D06581 /* View+BlueButtonStyle.swift */ = {isa = PBXFileReference; lastKnownFileType = sourcecode.swift; path = "View+BlueButtonStyle.swift"; sourceTree = "<group>"; };
		37FE5AE029BA670800FEAD97 /* RoomListView.swift */ = {isa = PBXFileReference; lastKnownFileType = sourcecode.swift; path = RoomListView.swift; sourceTree = "<group>"; };
/* End PBXFileReference section */

/* Begin PBXFrameworksBuildPhase section */
		37C5942328E8CF0900C4E934 /* Frameworks */ = {
			isa = PBXFrameworksBuildPhase;
			buildActionMask = 2147483647;
			files = (
			);
			runOnlyForDeploymentPostprocessing = 0;
		};
		37C5943428E8CF0A00C4E934 /* Frameworks */ = {
			isa = PBXFrameworksBuildPhase;
			buildActionMask = 2147483647;
			files = (
			);
			runOnlyForDeploymentPostprocessing = 0;
		};
		37C5943E28E8CF0A00C4E934 /* Frameworks */ = {
			isa = PBXFrameworksBuildPhase;
			buildActionMask = 2147483647;
			files = (
			);
			runOnlyForDeploymentPostprocessing = 0;
		};
/* End PBXFrameworksBuildPhase section */

/* Begin PBXGroup section */
		375DB017297DBFDD003EB77A /* Chat */ = {
			isa = PBXGroup;
			children = (
				37FE5ADF29BA66F900FEAD97 /* RoomList */,
				375DB018297DBFED003EB77A /* Chat.swift */,
				375DB01A297DC016003EB77A /* ChatVM.swift */,
				375DB01C297DC1CB003EB77A /* ChatDetail.swift */,
			);
			path = Chat;
			sourceTree = "<group>";
		};
		37A6547628E98E9000647F7B /* Network */ = {
			isa = PBXGroup;
			children = (
				375C0D3829846252006C229C /* Channel.swift */,
				37A6547728E98E9B00647F7B /* IRCSession.swift */,
				375855AF29DC64F900857124 /* IRCConnectionProtocol.swift */,
			);
			path = Network;
			sourceTree = "<group>";
		};
		37B0627D28F9931C00047B3A /* Views */ = {
			isa = PBXGroup;
			children = (
				375DB017297DBFDD003EB77A /* Chat */,
				37B0627E28F9933200047B3A /* Login */,
			);
			path = Views;
			sourceTree = "<group>";
		};
		37B0627E28F9933200047B3A /* Login */ = {
			isa = PBXGroup;
			children = (
				37B0627F28F9934400047B3A /* Login.swift */,
				37F17195290465CB00D06581 /* View+BlueButtonStyle.swift */,
				3702E03F2958F9210054BD98 /* LoginVM.swift */,
			);
			path = Login;
			sourceTree = "<group>";
		};
		37C5941D28E8CF0900C4E934 = {
			isa = PBXGroup;
			children = (
				37C5942828E8CF0900C4E934 /* SweetIRC */,
				37C5943A28E8CF0A00C4E934 /* SweetIRCTests */,
				37C5944428E8CF0A00C4E934 /* SweetIRCUITests */,
				37C5942728E8CF0900C4E934 /* Products */,
			);
			sourceTree = "<group>";
		};
		37C5942728E8CF0900C4E934 /* Products */ = {
			isa = PBXGroup;
			children = (
				37C5942628E8CF0900C4E934 /* SweetIRC.app */,
				37C5943728E8CF0A00C4E934 /* SweetIRCTests.xctest */,
				37C5944128E8CF0A00C4E934 /* SweetIRCUITests.xctest */,
			);
			name = Products;
			sourceTree = "<group>";
		};
		37C5942828E8CF0900C4E934 /* SweetIRC */ = {
			isa = PBXGroup;
			children = (
				37B0627D28F9931C00047B3A /* Views */,
				37A6547628E98E9000647F7B /* Network */,
				37C5945428E8CFE900C4E934 /* Model */,
				37C5942928E8CF0900C4E934 /* SweetIRCApp.swift */,
				37C5942B28E8CF0900C4E934 /* ContentView.swift */,
				37C5942D28E8CF0A00C4E934 /* Assets.xcassets */,
				37C5943228E8CF0A00C4E934 /* SweetIRC.entitlements */,
				37C5942F28E8CF0A00C4E934 /* Preview Content */,
			);
			path = SweetIRC;
			sourceTree = "<group>";
		};
		37C5942F28E8CF0A00C4E934 /* Preview Content */ = {
			isa = PBXGroup;
			children = (
				37C5943028E8CF0A00C4E934 /* Preview Assets.xcassets */,
			);
			path = "Preview Content";
			sourceTree = "<group>";
		};
		37C5943A28E8CF0A00C4E934 /* SweetIRCTests */ = {
			isa = PBXGroup;
			children = (
				37C5943B28E8CF0A00C4E934 /* UserTest.swift */,
				3753EAE828E9D138009B7CBE /* IRCSessionTests.swift */,
				37F171912903DE4C00D06581 /* ParserTests.swift */,
			);
			path = SweetIRCTests;
			sourceTree = "<group>";
		};
		37C5944428E8CF0A00C4E934 /* SweetIRCUITests */ = {
			isa = PBXGroup;
			children = (
				37C5944528E8CF0A00C4E934 /* SweetIRCUITests.swift */,
				37C5944728E8CF0A00C4E934 /* SweetIRCUITestsLaunchTests.swift */,
			);
			path = SweetIRCUITests;
			sourceTree = "<group>";
		};
		37C5945428E8CFE900C4E934 /* Model */ = {
			isa = PBXGroup;
			children = (
				375C0D3A2984628A006C229C /* Message.swift */,
				375C0D3B2984628A006C229C /* MessageParser.swift */,
				375C0D3C2984628A006C229C /* ServerMessage.swift */,
				37C5945528E8D01500C4E934 /* ServerInfo .swift */,
				37C5945728E8D2EF00C4E934 /* UserInfo.swift */,
				37A6547928E99BA500647F7B /* Response.swift */,
			);
			path = Model;
			sourceTree = "<group>";
		};
		37FE5ADF29BA66F900FEAD97 /* RoomList */ = {
			isa = PBXGroup;
			children = (
				37FE5AE029BA670800FEAD97 /* RoomListView.swift */,
				37CA018229EF14E100B8C9DF /* RoomListViewModel.swift */,
			);
			path = RoomList;
			sourceTree = "<group>";
		};
/* End PBXGroup section */

/* Begin PBXNativeTarget section */
		37C5942528E8CF0900C4E934 /* SweetIRC */ = {
			isa = PBXNativeTarget;
			buildConfigurationList = 37C5944B28E8CF0A00C4E934 /* Build configuration list for PBXNativeTarget "SweetIRC" */;
			buildPhases = (
				37C5942228E8CF0900C4E934 /* Sources */,
				37C5942328E8CF0900C4E934 /* Frameworks */,
				37C5942428E8CF0900C4E934 /* Resources */,
			);
			buildRules = (
			);
			dependencies = (
			);
			name = SweetIRC;
			productName = SweetIRC;
			productReference = 37C5942628E8CF0900C4E934 /* SweetIRC.app */;
			productType = "com.apple.product-type.application";
		};
		37C5943628E8CF0A00C4E934 /* SweetIRCTests */ = {
			isa = PBXNativeTarget;
			buildConfigurationList = 37C5944E28E8CF0A00C4E934 /* Build configuration list for PBXNativeTarget "SweetIRCTests" */;
			buildPhases = (
				37C5943328E8CF0A00C4E934 /* Sources */,
				37C5943428E8CF0A00C4E934 /* Frameworks */,
				37C5943528E8CF0A00C4E934 /* Resources */,
			);
			buildRules = (
			);
			dependencies = (
				37C5943928E8CF0A00C4E934 /* PBXTargetDependency */,
			);
			name = SweetIRCTests;
			productName = SweetIRCTests;
			productReference = 37C5943728E8CF0A00C4E934 /* SweetIRCTests.xctest */;
			productType = "com.apple.product-type.bundle.unit-test";
		};
		37C5944028E8CF0A00C4E934 /* SweetIRCUITests */ = {
			isa = PBXNativeTarget;
			buildConfigurationList = 37C5945128E8CF0A00C4E934 /* Build configuration list for PBXNativeTarget "SweetIRCUITests" */;
			buildPhases = (
				37C5943D28E8CF0A00C4E934 /* Sources */,
				37C5943E28E8CF0A00C4E934 /* Frameworks */,
				37C5943F28E8CF0A00C4E934 /* Resources */,
			);
			buildRules = (
			);
			dependencies = (
				37C5944328E8CF0A00C4E934 /* PBXTargetDependency */,
			);
			name = SweetIRCUITests;
			productName = SweetIRCUITests;
			productReference = 37C5944128E8CF0A00C4E934 /* SweetIRCUITests.xctest */;
			productType = "com.apple.product-type.bundle.ui-testing";
		};
/* End PBXNativeTarget section */

/* Begin PBXProject section */
		37C5941E28E8CF0900C4E934 /* Project object */ = {
			isa = PBXProject;
			attributes = {
				BuildIndependentTargetsInParallel = 1;
				LastSwiftUpdateCheck = 1410;
				LastUpgradeCheck = 1420;
				TargetAttributes = {
					37C5942528E8CF0900C4E934 = {
						CreatedOnToolsVersion = 14.1;
					};
					37C5943628E8CF0A00C4E934 = {
						CreatedOnToolsVersion = 14.1;
						TestTargetID = 37C5942528E8CF0900C4E934;
					};
					37C5944028E8CF0A00C4E934 = {
						CreatedOnToolsVersion = 14.1;
						TestTargetID = 37C5942528E8CF0900C4E934;
					};
				};
			};
			buildConfigurationList = 37C5942128E8CF0900C4E934 /* Build configuration list for PBXProject "SweetIRC" */;
			compatibilityVersion = "Xcode 14.0";
			developmentRegion = en;
			hasScannedForEncodings = 0;
			knownRegions = (
				en,
				Base,
			);
			mainGroup = 37C5941D28E8CF0900C4E934;
			productRefGroup = 37C5942728E8CF0900C4E934 /* Products */;
			projectDirPath = "";
			projectRoot = "";
			targets = (
				37C5942528E8CF0900C4E934 /* SweetIRC */,
				37C5943628E8CF0A00C4E934 /* SweetIRCTests */,
				37C5944028E8CF0A00C4E934 /* SweetIRCUITests */,
			);
		};
/* End PBXProject section */

/* Begin PBXResourcesBuildPhase section */
		37C5942428E8CF0900C4E934 /* Resources */ = {
			isa = PBXResourcesBuildPhase;
			buildActionMask = 2147483647;
			files = (
				37C5943128E8CF0A00C4E934 /* Preview Assets.xcassets in Resources */,
				37C5942E28E8CF0A00C4E934 /* Assets.xcassets in Resources */,
			);
			runOnlyForDeploymentPostprocessing = 0;
		};
		37C5943528E8CF0A00C4E934 /* Resources */ = {
			isa = PBXResourcesBuildPhase;
			buildActionMask = 2147483647;
			files = (
			);
			runOnlyForDeploymentPostprocessing = 0;
		};
		37C5943F28E8CF0A00C4E934 /* Resources */ = {
			isa = PBXResourcesBuildPhase;
			buildActionMask = 2147483647;
			files = (
			);
			runOnlyForDeploymentPostprocessing = 0;
		};
/* End PBXResourcesBuildPhase section */

/* Begin PBXSourcesBuildPhase section */
		37C5942228E8CF0900C4E934 /* Sources */ = {
			isa = PBXSourcesBuildPhase;
			buildActionMask = 2147483647;
			files = (
				375DB019297DBFED003EB77A /* Chat.swift in Sources */,
				375C0D3929846252006C229C /* Channel.swift in Sources */,
				37CA018329EF14E100B8C9DF /* RoomListViewModel.swift in Sources */,
				375C0D3E2984628A006C229C /* MessageParser.swift in Sources */,
				37C5945828E8D2EF00C4E934 /* UserInfo.swift in Sources */,
				375C0D3D2984628A006C229C /* Message.swift in Sources */,
				375DB01B297DC016003EB77A /* ChatVM.swift in Sources */,
				3702E0402958F9210054BD98 /* LoginVM.swift in Sources */,
				375DB01D297DC1CB003EB77A /* ChatDetail.swift in Sources */,
				37B0628028F9934400047B3A /* Login.swift in Sources */,
				37FE5AE129BA670800FEAD97 /* RoomListView.swift in Sources */,
				37A6547828E98E9B00647F7B /* IRCSession.swift in Sources */,
				37A6547A28E99BA500647F7B /* Response.swift in Sources */,
				37C5942C28E8CF0900C4E934 /* ContentView.swift in Sources */,
				37F17196290465CB00D06581 /* View+BlueButtonStyle.swift in Sources */,
				37C5942A28E8CF0900C4E934 /* SweetIRCApp.swift in Sources */,
				37C5945628E8D01500C4E934 /* ServerInfo .swift in Sources */,
				375855B029DC64F900857124 /* IRCConnectionProtocol.swift in Sources */,
				375C0D3F2984628A006C229C /* ServerMessage.swift in Sources */,
			);
			runOnlyForDeploymentPostprocessing = 0;
		};
		37C5943328E8CF0A00C4E934 /* Sources */ = {
			isa = PBXSourcesBuildPhase;
			buildActionMask = 2147483647;
			files = (
				37C5943C28E8CF0A00C4E934 /* UserTest.swift in Sources */,
				3753EAE928E9D138009B7CBE /* IRCSessionTests.swift in Sources */,
				37F171922903DE4C00D06581 /* ParserTests.swift in Sources */,
			);
			runOnlyForDeploymentPostprocessing = 0;
		};
		37C5943D28E8CF0A00C4E934 /* Sources */ = {
			isa = PBXSourcesBuildPhase;
			buildActionMask = 2147483647;
			files = (
				37C5944828E8CF0A00C4E934 /* SweetIRCUITestsLaunchTests.swift in Sources */,
				37C5944628E8CF0A00C4E934 /* SweetIRCUITests.swift in Sources */,
			);
			runOnlyForDeploymentPostprocessing = 0;
		};
/* End PBXSourcesBuildPhase section */

/* Begin PBXTargetDependency section */
		37C5943928E8CF0A00C4E934 /* PBXTargetDependency */ = {
			isa = PBXTargetDependency;
			target = 37C5942528E8CF0900C4E934 /* SweetIRC */;
			targetProxy = 37C5943828E8CF0A00C4E934 /* PBXContainerItemProxy */;
		};
		37C5944328E8CF0A00C4E934 /* PBXTargetDependency */ = {
			isa = PBXTargetDependency;
			target = 37C5942528E8CF0900C4E934 /* SweetIRC */;
			targetProxy = 37C5944228E8CF0A00C4E934 /* PBXContainerItemProxy */;
		};
/* End PBXTargetDependency section */

/* Begin XCBuildConfiguration section */
		37C5944928E8CF0A00C4E934 /* Debug */ = {
			isa = XCBuildConfiguration;
			buildSettings = {
				ALWAYS_SEARCH_USER_PATHS = NO;
				CLANG_ANALYZER_NONNULL = YES;
				CLANG_ANALYZER_NUMBER_OBJECT_CONVERSION = YES_AGGRESSIVE;
				CLANG_CXX_LANGUAGE_STANDARD = "gnu++20";
				CLANG_ENABLE_MODULES = YES;
				CLANG_ENABLE_OBJC_ARC = YES;
				CLANG_ENABLE_OBJC_WEAK = YES;
				CLANG_WARN_BLOCK_CAPTURE_AUTORELEASING = YES;
				CLANG_WARN_BOOL_CONVERSION = YES;
				CLANG_WARN_COMMA = YES;
				CLANG_WARN_CONSTANT_CONVERSION = YES;
				CLANG_WARN_DEPRECATED_OBJC_IMPLEMENTATIONS = YES;
				CLANG_WARN_DIRECT_OBJC_ISA_USAGE = YES_ERROR;
				CLANG_WARN_DOCUMENTATION_COMMENTS = YES;
				CLANG_WARN_EMPTY_BODY = YES;
				CLANG_WARN_ENUM_CONVERSION = YES;
				CLANG_WARN_INFINITE_RECURSION = YES;
				CLANG_WARN_INT_CONVERSION = YES;
				CLANG_WARN_NON_LITERAL_NULL_CONVERSION = YES;
				CLANG_WARN_OBJC_IMPLICIT_RETAIN_SELF = YES;
				CLANG_WARN_OBJC_LITERAL_CONVERSION = YES;
				CLANG_WARN_OBJC_ROOT_CLASS = YES_ERROR;
				CLANG_WARN_QUOTED_INCLUDE_IN_FRAMEWORK_HEADER = YES;
				CLANG_WARN_RANGE_LOOP_ANALYSIS = YES;
				CLANG_WARN_STRICT_PROTOTYPES = YES;
				CLANG_WARN_SUSPICIOUS_MOVE = YES;
				CLANG_WARN_UNGUARDED_AVAILABILITY = YES_AGGRESSIVE;
				CLANG_WARN_UNREACHABLE_CODE = YES;
				CLANG_WARN__DUPLICATE_METHOD_MATCH = YES;
				COPY_PHASE_STRIP = NO;
				DEAD_CODE_STRIPPING = YES;
				DEBUG_INFORMATION_FORMAT = dwarf;
				ENABLE_STRICT_OBJC_MSGSEND = YES;
				ENABLE_TESTABILITY = YES;
				GCC_C_LANGUAGE_STANDARD = gnu11;
				GCC_DYNAMIC_NO_PIC = NO;
				GCC_NO_COMMON_BLOCKS = YES;
				GCC_OPTIMIZATION_LEVEL = 0;
				GCC_PREPROCESSOR_DEFINITIONS = (
					"DEBUG=1",
					"$(inherited)",
				);
				GCC_WARN_64_TO_32_BIT_CONVERSION = YES;
				GCC_WARN_ABOUT_RETURN_TYPE = YES_ERROR;
				GCC_WARN_UNDECLARED_SELECTOR = YES;
				GCC_WARN_UNINITIALIZED_AUTOS = YES_AGGRESSIVE;
				GCC_WARN_UNUSED_FUNCTION = YES;
				GCC_WARN_UNUSED_VARIABLE = YES;
				MACOSX_DEPLOYMENT_TARGET = 13.0;
				MTL_ENABLE_DEBUG_INFO = INCLUDE_SOURCE;
				MTL_FAST_MATH = YES;
				ONLY_ACTIVE_ARCH = YES;
				SDKROOT = macosx;
				SWIFT_ACTIVE_COMPILATION_CONDITIONS = DEBUG;
				SWIFT_OPTIMIZATION_LEVEL = "-Onone";
			};
			name = Debug;
		};
		37C5944A28E8CF0A00C4E934 /* Release */ = {
			isa = XCBuildConfiguration;
			buildSettings = {
				ALWAYS_SEARCH_USER_PATHS = NO;
				CLANG_ANALYZER_NONNULL = YES;
				CLANG_ANALYZER_NUMBER_OBJECT_CONVERSION = YES_AGGRESSIVE;
				CLANG_CXX_LANGUAGE_STANDARD = "gnu++20";
				CLANG_ENABLE_MODULES = YES;
				CLANG_ENABLE_OBJC_ARC = YES;
				CLANG_ENABLE_OBJC_WEAK = YES;
				CLANG_WARN_BLOCK_CAPTURE_AUTORELEASING = YES;
				CLANG_WARN_BOOL_CONVERSION = YES;
				CLANG_WARN_COMMA = YES;
				CLANG_WARN_CONSTANT_CONVERSION = YES;
				CLANG_WARN_DEPRECATED_OBJC_IMPLEMENTATIONS = YES;
				CLANG_WARN_DIRECT_OBJC_ISA_USAGE = YES_ERROR;
				CLANG_WARN_DOCUMENTATION_COMMENTS = YES;
				CLANG_WARN_EMPTY_BODY = YES;
				CLANG_WARN_ENUM_CONVERSION = YES;
				CLANG_WARN_INFINITE_RECURSION = YES;
				CLANG_WARN_INT_CONVERSION = YES;
				CLANG_WARN_NON_LITERAL_NULL_CONVERSION = YES;
				CLANG_WARN_OBJC_IMPLICIT_RETAIN_SELF = YES;
				CLANG_WARN_OBJC_LITERAL_CONVERSION = YES;
				CLANG_WARN_OBJC_ROOT_CLASS = YES_ERROR;
				CLANG_WARN_QUOTED_INCLUDE_IN_FRAMEWORK_HEADER = YES;
				CLANG_WARN_RANGE_LOOP_ANALYSIS = YES;
				CLANG_WARN_STRICT_PROTOTYPES = YES;
				CLANG_WARN_SUSPICIOUS_MOVE = YES;
				CLANG_WARN_UNGUARDED_AVAILABILITY = YES_AGGRESSIVE;
				CLANG_WARN_UNREACHABLE_CODE = YES;
				CLANG_WARN__DUPLICATE_METHOD_MATCH = YES;
				COPY_PHASE_STRIP = NO;
				DEAD_CODE_STRIPPING = YES;
				DEBUG_INFORMATION_FORMAT = "dwarf-with-dsym";
				ENABLE_NS_ASSERTIONS = NO;
				ENABLE_STRICT_OBJC_MSGSEND = YES;
				GCC_C_LANGUAGE_STANDARD = gnu11;
				GCC_NO_COMMON_BLOCKS = YES;
				GCC_WARN_64_TO_32_BIT_CONVERSION = YES;
				GCC_WARN_ABOUT_RETURN_TYPE = YES_ERROR;
				GCC_WARN_UNDECLARED_SELECTOR = YES;
				GCC_WARN_UNINITIALIZED_AUTOS = YES_AGGRESSIVE;
				GCC_WARN_UNUSED_FUNCTION = YES;
				GCC_WARN_UNUSED_VARIABLE = YES;
				MACOSX_DEPLOYMENT_TARGET = 13.0;
				MTL_ENABLE_DEBUG_INFO = NO;
				MTL_FAST_MATH = YES;
				SDKROOT = macosx;
				SWIFT_COMPILATION_MODE = wholemodule;
				SWIFT_OPTIMIZATION_LEVEL = "-O";
			};
			name = Release;
		};
		37C5944C28E8CF0A00C4E934 /* Debug */ = {
			isa = XCBuildConfiguration;
			buildSettings = {
				ASSETCATALOG_COMPILER_APPICON_NAME = AppIcon;
				ASSETCATALOG_COMPILER_GLOBAL_ACCENT_COLOR_NAME = AccentColor;
				CODE_SIGN_ENTITLEMENTS = SweetIRC/SweetIRC.entitlements;
				CODE_SIGN_IDENTITY = "-";
				CODE_SIGN_STYLE = Automatic;
				COMBINE_HIDPI_IMAGES = YES;
				CURRENT_PROJECT_VERSION = 1;
				DEAD_CODE_STRIPPING = YES;
				DEVELOPMENT_ASSET_PATHS = "\"SweetIRC/Preview Content\"";
				ENABLE_PREVIEWS = YES;
				GENERATE_INFOPLIST_FILE = YES;
				INFOPLIST_KEY_NSHumanReadableCopyright = "";
				LD_RUNPATH_SEARCH_PATHS = (
					"$(inherited)",
					"@executable_path/../Frameworks",
				);
				MARKETING_VERSION = 1.0;
				PRODUCT_BUNDLE_IDENTIFIER = local.dan.SweetIRC;
				PRODUCT_NAME = "$(TARGET_NAME)";
				SWIFT_EMIT_LOC_STRINGS = YES;
				SWIFT_VERSION = 5.0;
			};
			name = Debug;
		};
		37C5944D28E8CF0A00C4E934 /* Release */ = {
			isa = XCBuildConfiguration;
			buildSettings = {
				ASSETCATALOG_COMPILER_APPICON_NAME = AppIcon;
				ASSETCATALOG_COMPILER_GLOBAL_ACCENT_COLOR_NAME = AccentColor;
				CODE_SIGN_ENTITLEMENTS = SweetIRC/SweetIRC.entitlements;
				CODE_SIGN_IDENTITY = "-";
				CODE_SIGN_STYLE = Automatic;
				COMBINE_HIDPI_IMAGES = YES;
				CURRENT_PROJECT_VERSION = 1;
				DEAD_CODE_STRIPPING = YES;
				DEVELOPMENT_ASSET_PATHS = "\"SweetIRC/Preview Content\"";
				ENABLE_PREVIEWS = YES;
				GENERATE_INFOPLIST_FILE = YES;
				INFOPLIST_KEY_NSHumanReadableCopyright = "";
				LD_RUNPATH_SEARCH_PATHS = (
					"$(inherited)",
					"@executable_path/../Frameworks",
				);
				MARKETING_VERSION = 1.0;
				PRODUCT_BUNDLE_IDENTIFIER = local.dan.SweetIRC;
				PRODUCT_NAME = "$(TARGET_NAME)";
				SWIFT_EMIT_LOC_STRINGS = YES;
				SWIFT_VERSION = 5.0;
			};
			name = Release;
		};
		37C5944F28E8CF0A00C4E934 /* Debug */ = {
			isa = XCBuildConfiguration;
			buildSettings = {
				ALWAYS_EMBED_SWIFT_STANDARD_LIBRARIES = YES;
				BUNDLE_LOADER = "$(TEST_HOST)";
				CODE_SIGN_STYLE = Automatic;
				CURRENT_PROJECT_VERSION = 1;
				DEAD_CODE_STRIPPING = YES;
				GENERATE_INFOPLIST_FILE = YES;
				MACOSX_DEPLOYMENT_TARGET = 13.0;
				MARKETING_VERSION = 1.0;
				PRODUCT_BUNDLE_IDENTIFIER = local.dan.SweetIRCTests;
				PRODUCT_NAME = "$(TARGET_NAME)";
				SWIFT_EMIT_LOC_STRINGS = NO;
				SWIFT_VERSION = 5.0;
				TEST_HOST = "$(BUILT_PRODUCTS_DIR)/SweetIRC.app/$(BUNDLE_EXECUTABLE_FOLDER_PATH)/SweetIRC";
			};
			name = Debug;
		};
		37C5945028E8CF0A00C4E934 /* Release */ = {
			isa = XCBuildConfiguration;
			buildSettings = {
				ALWAYS_EMBED_SWIFT_STANDARD_LIBRARIES = YES;
				BUNDLE_LOADER = "$(TEST_HOST)";
				CODE_SIGN_STYLE = Automatic;
				CURRENT_PROJECT_VERSION = 1;
				DEAD_CODE_STRIPPING = YES;
				GENERATE_INFOPLIST_FILE = YES;
				MACOSX_DEPLOYMENT_TARGET = 13.0;
				MARKETING_VERSION = 1.0;
				PRODUCT_BUNDLE_IDENTIFIER = local.dan.SweetIRCTests;
				PRODUCT_NAME = "$(TARGET_NAME)";
				SWIFT_EMIT_LOC_STRINGS = NO;
				SWIFT_VERSION = 5.0;
				TEST_HOST = "$(BUILT_PRODUCTS_DIR)/SweetIRC.app/$(BUNDLE_EXECUTABLE_FOLDER_PATH)/SweetIRC";
			};
			name = Release;
		};
		37C5945228E8CF0A00C4E934 /* Debug */ = {
			isa = XCBuildConfiguration;
			buildSettings = {
				ALWAYS_EMBED_SWIFT_STANDARD_LIBRARIES = YES;
				CODE_SIGN_STYLE = Automatic;
				CURRENT_PROJECT_VERSION = 1;
				DEAD_CODE_STRIPPING = YES;
				GENERATE_INFOPLIST_FILE = YES;
				MARKETING_VERSION = 1.0;
				PRODUCT_BUNDLE_IDENTIFIER = local.dan.SweetIRCUITests;
				PRODUCT_NAME = "$(TARGET_NAME)";
				SWIFT_EMIT_LOC_STRINGS = NO;
				SWIFT_VERSION = 5.0;
				TEST_TARGET_NAME = SweetIRC;
			};
			name = Debug;
		};
		37C5945328E8CF0A00C4E934 /* Release */ = {
			isa = XCBuildConfiguration;
			buildSettings = {
				ALWAYS_EMBED_SWIFT_STANDARD_LIBRARIES = YES;
				CODE_SIGN_STYLE = Automatic;
				CURRENT_PROJECT_VERSION = 1;
				DEAD_CODE_STRIPPING = YES;
				GENERATE_INFOPLIST_FILE = YES;
				MARKETING_VERSION = 1.0;
				PRODUCT_BUNDLE_IDENTIFIER = local.dan.SweetIRCUITests;
				PRODUCT_NAME = "$(TARGET_NAME)";
				SWIFT_EMIT_LOC_STRINGS = NO;
				SWIFT_VERSION = 5.0;
				TEST_TARGET_NAME = SweetIRC;
			};
			name = Release;
		};
/* End XCBuildConfiguration section */

/* Begin XCConfigurationList section */
		37C5942128E8CF0900C4E934 /* Build configuration list for PBXProject "SweetIRC" */ = {
			isa = XCConfigurationList;
			buildConfigurations = (
				37C5944928E8CF0A00C4E934 /* Debug */,
				37C5944A28E8CF0A00C4E934 /* Release */,
			);
			defaultConfigurationIsVisible = 0;
			defaultConfigurationName = Release;
		};
		37C5944B28E8CF0A00C4E934 /* Build configuration list for PBXNativeTarget "SweetIRC" */ = {
			isa = XCConfigurationList;
			buildConfigurations = (
				37C5944C28E8CF0A00C4E934 /* Debug */,
				37C5944D28E8CF0A00C4E934 /* Release */,
			);
			defaultConfigurationIsVisible = 0;
			defaultConfigurationName = Release;
		};
		37C5944E28E8CF0A00C4E934 /* Build configuration list for PBXNativeTarget "SweetIRCTests" */ = {
			isa = XCConfigurationList;
			buildConfigurations = (
				37C5944F28E8CF0A00C4E934 /* Debug */,
				37C5945028E8CF0A00C4E934 /* Release */,
			);
			defaultConfigurationIsVisible = 0;
			defaultConfigurationName = Release;
		};
		37C5945128E8CF0A00C4E934 /* Build configuration list for PBXNativeTarget "SweetIRCUITests" */ = {
			isa = XCConfigurationList;
			buildConfigurations = (
				37C5945228E8CF0A00C4E934 /* Debug */,
				37C5945328E8CF0A00C4E934 /* Release */,
			);
			defaultConfigurationIsVisible = 0;
			defaultConfigurationName = Release;
		};
/* End XCConfigurationList section */
	};
	rootObject = 37C5941E28E8CF0900C4E934 /* Project object */;
}
